
Microsoft Visual Studio Solution File, Format Version 12.00
# Visual Studio Version 16
VisualStudioVersion = 16.0.30523.141
MinimumVisualStudioVersion = 10.0.40219.1
Project("{FAE04EC0-301F-11D3-BF4B-00C04F79EFBC}") = "AsmStudentClient", "AsmStudentClient\AsmStudentClient.csproj", "{7FAAD467-316C-4AFE-AC10-1603C08C7463}"
	ProjectSection(ProjectDependencies) = postProject
		{9341E90F-7372-46B0-8F21-3DC56631733E} = {9341E90F-7372-46B0-8F21-3DC56631733E}
	EndProjectSection
EndProject
Project("{E24C65DC-7377-472B-9ABA-BC803B73C61A}") = "WCFService1", "WCFService1\", "{9341E90F-7372-46B0-8F21-3DC56631733E}"
	ProjectSection(WebsiteProperties) = preProject
		TargetFrameworkMoniker = ".NETFramework,Version%3Dv4.7.2"
		Debug.AspNetCompiler.VirtualPath = "/localhost_51749"
		Debug.AspNetCompiler.PhysicalPath = "WCFService1\"
		Debug.AspNetCompiler.TargetPath = "PrecompiledWeb\localhost_51749\"
		Debug.AspNetCompiler.Updateable = "true"
		Debug.AspNetCompiler.ForceOverwrite = "true"
		Debug.AspNetCompiler.FixedNames = "false"
		Debug.AspNetCompiler.Debug = "True"
		Release.AspNetCompiler.VirtualPath = "/localhost_51749"
		Release.AspNetCompiler.PhysicalPath = "WCFService1\"
		Release.AspNetCompiler.TargetPath = "PrecompiledWeb\localhost_51749\"
		Release.AspNetCompiler.Updateable = "true"
		Release.AspNetCompiler.ForceOverwrite = "true"
		Release.AspNetCompiler.FixedNames = "false"
		Release.AspNetCompiler.Debug = "False"
		VWDPort = "51749"
		DefaultWebSiteLanguage = "Visual C#"
	EndProjectSection
EndProject
Global
	GlobalSection(SolutionConfigurationPlatforms) = preSolution
		Debug|Any CPU = Debug|Any CPU
		Release|Any CPU = Release|Any CPU
	EndGlobalSection
	GlobalSection(ProjectConfigurationPlatforms) = postSolution
		{7FAAD467-316C-4AFE-AC10-1603C08C7463}.Debug|Any CPU.ActiveCfg = Debug|Any CPU
		{7FAAD467-316C-4AFE-AC10-1603C08C7463}.Debug|Any CPU.Build.0 = Debug|Any CPU
		{7FAAD467-316C-4AFE-AC10-1603C08C7463}.Release|Any CPU.ActiveCfg = Release|Any CPU
		{7FAAD467-316C-4AFE-AC10-1603C08C7463}.Release|Any CPU.Build.0 = Release|Any CPU
		{9341E90F-7372-46B0-8F21-3DC56631733E}.Debug|Any CPU.ActiveCfg = Debug|Any CPU
		{9341E90F-7372-46B0-8F21-3DC56631733E}.Debug|Any CPU.Build.0 = Debug|Any CPU
		{9341E90F-7372-46B0-8F21-3DC56631733E}.Release|Any CPU.ActiveCfg = Debug|Any CPU
		{9341E90F-7372-46B0-8F21-3DC56631733E}.Release|Any CPU.Build.0 = Debug|Any CPU
	EndGlobalSection
	GlobalSection(SolutionProperties) = preSolution
		HideSolutionNode = FALSE
	EndGlobalSection
	GlobalSection(ExtensibilityGlobals) = postSolution
		SolutionGuid = {31524C75-33C1-47C3-AFFC-2A8A08853F26}
	EndGlobalSection
EndGlobal
